// !$*UTF8*$!
{
	archiveVersion = 1;
	classes = {
	};
	objectVersion = 56;
	objects = {

/* Begin PBXBuildFile section */
		773179812AF1359A0018C386 /* WeatherTodayApp.swift in Sources */ = {isa = PBXBuildFile; fileRef = 773179802AF1359A0018C386 /* WeatherTodayApp.swift */; };
		773179832AF1359A0018C386 /* ContentView.swift in Sources */ = {isa = PBXBuildFile; fileRef = 773179822AF1359A0018C386 /* ContentView.swift */; };
		773179852AF1359C0018C386 /* Assets.xcassets in Resources */ = {isa = PBXBuildFile; fileRef = 773179842AF1359C0018C386 /* Assets.xcassets */; };
		773179882AF1359C0018C386 /* Preview Assets.xcassets in Resources */ = {isa = PBXBuildFile; fileRef = 773179872AF1359C0018C386 /* Preview Assets.xcassets */; };
		7731798F2AF1360E0018C386 /* Weather.swift in Sources */ = {isa = PBXBuildFile; fileRef = 7731798E2AF1360E0018C386 /* Weather.swift */; };
		77BA7B3A2AF2BEAB009860FE /* ProfileView.swift in Sources */ = {isa = PBXBuildFile; fileRef = 77BA7B392AF2BEAB009860FE /* ProfileView.swift */; };
		77BA7B3C2AF2BEB7009860FE /* ImagePicker.swift in Sources */ = {isa = PBXBuildFile; fileRef = 77BA7B3B2AF2BEB7009860FE /* ImagePicker.swift */; };
		77BA7B3E2AF2C070009860FE /* WeatherView.swift in Sources */ = {isa = PBXBuildFile; fileRef = 77BA7B3D2AF2C070009860FE /* WeatherView.swift */; };
		77BA7B402AF2C1EB009860FE /* UserProfileView.swift in Sources */ = {isa = PBXBuildFile; fileRef = 77BA7B3F2AF2C1EB009860FE /* UserProfileView.swift */; };
		77BA7B482AF31F6B009860FE /* Secret.swift in Sources */ = {isa = PBXBuildFile; fileRef = 77BA7B472AF31F6B009860FE /* Secret.swift */; };
/* End PBXBuildFile section */

/* Begin PBXFileReference section */
		7731797D2AF1359A0018C386 /* WeatherToday.app */ = {isa = PBXFileReference; explicitFileType = wrapper.application; includeInIndex = 0; path = WeatherToday.app; sourceTree = BUILT_PRODUCTS_DIR; };
		773179802AF1359A0018C386 /* WeatherTodayApp.swift */ = {isa = PBXFileReference; lastKnownFileType = sourcecode.swift; path = WeatherTodayApp.swift; sourceTree = "<group>"; };
		773179822AF1359A0018C386 /* ContentView.swift */ = {isa = PBXFileReference; lastKnownFileType = sourcecode.swift; path = ContentView.swift; sourceTree = "<group>"; };
		773179842AF1359C0018C386 /* Assets.xcassets */ = {isa = PBXFileReference; lastKnownFileType = folder.assetcatalog; path = Assets.xcassets; sourceTree = "<group>"; };
		773179872AF1359C0018C386 /* Preview Assets.xcassets */ = {isa = PBXFileReference; lastKnownFileType = folder.assetcatalog; path = "Preview Assets.xcassets"; sourceTree = "<group>"; };
		7731798E2AF1360E0018C386 /* Weather.swift */ = {isa = PBXFileReference; lastKnownFileType = sourcecode.swift; path = Weather.swift; sourceTree = "<group>"; };
		77BA7B392AF2BEAB009860FE /* ProfileView.swift */ = {isa = PBXFileReference; lastKnownFileType = sourcecode.swift; path = ProfileView.swift; sourceTree = "<group>"; };
		77BA7B3B2AF2BEB7009860FE /* ImagePicker.swift */ = {isa = PBXFileReference; lastKnownFileType = sourcecode.swift; path = ImagePicker.swift; sourceTree = "<group>"; };
		77BA7B3D2AF2C070009860FE /* WeatherView.swift */ = {isa = PBXFileReference; lastKnownFileType = sourcecode.swift; path = WeatherView.swift; sourceTree = "<group>"; };
		77BA7B3F2AF2C1EB009860FE /* UserProfileView.swift */ = {isa = PBXFileReference; lastKnownFileType = sourcecode.swift; path = UserProfileView.swift; sourceTree = "<group>"; };
		77BA7B472AF31F6B009860FE /* Secret.swift */ = {isa = PBXFileReference; lastKnownFileType = sourcecode.swift; path = Secret.swift; sourceTree = "<group>"; };
/* End PBXFileReference section */

/* Begin PBXFrameworksBuildPhase section */
		7731797A2AF1359A0018C386 /* Frameworks */ = {
			isa = PBXFrameworksBuildPhase;
			buildActionMask = 2147483647;
			files = (
			);
			runOnlyForDeploymentPostprocessing = 0;
		};
/* End PBXFrameworksBuildPhase section */

/* Begin PBXGroup section */
		773179742AF1359A0018C386 = {
			isa = PBXGroup;
			children = (
				7731797F2AF1359A0018C386 /* WeatherToday */,
				7731797E2AF1359A0018C386 /* Products */,
			);
			sourceTree = "<group>";
		};
		7731797E2AF1359A0018C386 /* Products */ = {
			isa = PBXGroup;
			children = (
				7731797D2AF1359A0018C386 /* WeatherToday.app */,
			);
			name = Products;
			sourceTree = "<group>";
		};
		7731797F2AF1359A0018C386 /* WeatherToday */ = {
			isa = PBXGroup;
			children = (
				773179802AF1359A0018C386 /* WeatherTodayApp.swift */,
				773179822AF1359A0018C386 /* ContentView.swift */,
				77BA7B432AF3153F009860FE /* Views */,
				77BA7B422AF31536009860FE /* Models */,
				77BA7B412AF31505009860FE /* SecondaryProfile */,
				77BA7B492AF3256E009860FE /* Helpers */,
				773179842AF1359C0018C386 /* Assets.xcassets */,
				773179862AF1359C0018C386 /* Preview Content */,
			);
			path = WeatherToday;
			sourceTree = "<group>";
		};
		773179862AF1359C0018C386 /* Preview Content */ = {
			isa = PBXGroup;
			children = (
				773179872AF1359C0018C386 /* Preview Assets.xcassets */,
			);
			path = "Preview Content";
			sourceTree = "<group>";
		};
		77BA7B412AF31505009860FE /* SecondaryProfile */ = {
			isa = PBXGroup;
			children = (
				77BA7B392AF2BEAB009860FE /* ProfileView.swift */,
				77BA7B3B2AF2BEB7009860FE /* ImagePicker.swift */,
			);
			path = SecondaryProfile;
			sourceTree = "<group>";
		};
		77BA7B422AF31536009860FE /* Models */ = {
			isa = PBXGroup;
			children = (
				7731798E2AF1360E0018C386 /* Weather.swift */,
			);
			path = Models;
			sourceTree = "<group>";
		};
		77BA7B432AF3153F009860FE /* Views */ = {
			isa = PBXGroup;
			children = (
				77BA7B3D2AF2C070009860FE /* WeatherView.swift */,
				77BA7B3F2AF2C1EB009860FE /* UserProfileView.swift */,
			);
			path = Views;
			sourceTree = "<group>";
		};
		77BA7B492AF3256E009860FE /* Helpers */ = {
			isa = PBXGroup;
			children = (
				77BA7B472AF31F6B009860FE /* Secret.swift */,
			);
			name = Helpers;
			sourceTree = "<group>";
		};
/* End PBXGroup section */

/* Begin PBXNativeTarget section */
		7731797C2AF1359A0018C386 /* WeatherToday */ = {
			isa = PBXNativeTarget;
			buildConfigurationList = 7731798B2AF1359C0018C386 /* Build configuration list for PBXNativeTarget "WeatherToday" */;
			buildPhases = (
				773179792AF1359A0018C386 /* Sources */,
				7731797A2AF1359A0018C386 /* Frameworks */,
				7731797B2AF1359A0018C386 /* Resources */,
			);
			buildRules = (
			);
			dependencies = (
			);
			name = WeatherToday;
			productName = WeatherToday;
			productReference = 7731797D2AF1359A0018C386 /* WeatherToday.app */;
			productType = "com.apple.product-type.application";
		};
/* End PBXNativeTarget section */

/* Begin PBXProject section */
		773179752AF1359A0018C386 /* Project object */ = {
			isa = PBXProject;
			attributes = {
				BuildIndependentTargetsInParallel = 1;
				LastSwiftUpdateCheck = 1500;
				LastUpgradeCheck = 1500;
				TargetAttributes = {
					7731797C2AF1359A0018C386 = {
						CreatedOnToolsVersion = 15.0;
					};
				};
			};
			buildConfigurationList = 773179782AF1359A0018C386 /* Build configuration list for PBXProject "WeatherToday" */;
			compatibilityVersion = "Xcode 14.0";
			developmentRegion = en;
			hasScannedForEncodings = 0;
			knownRegions = (
				en,
				Base,
			);
			mainGroup = 773179742AF1359A0018C386;
			productRefGroup = 7731797E2AF1359A0018C386 /* Products */;
			projectDirPath = "";
			projectRoot = "";
			targets = (
				7731797C2AF1359A0018C386 /* WeatherToday */,
			);
		};
/* End PBXProject section */

/* Begin PBXResourcesBuildPhase section */
		7731797B2AF1359A0018C386 /* Resources */ = {
			isa = PBXResourcesBuildPhase;
			buildActionMask = 2147483647;
			files = (
				773179882AF1359C0018C386 /* Preview Assets.xcassets in Resources */,
				773179852AF1359C0018C386 /* Assets.xcassets in Resources */,
			);
			runOnlyForDeploymentPostprocessing = 0;
		};
/* End PBXResourcesBuildPhase section */

/* Begin PBXSourcesBuildPhase section */
		773179792AF1359A0018C386 /* Sources */ = {
			isa = PBXSourcesBuildPhase;
			buildActionMask = 2147483647;
			files = (
				77BA7B3A2AF2BEAB009860FE /* ProfileView.swift in Sources */,
				773179832AF1359A0018C386 /* ContentView.swift in Sources */,
				77BA7B3C2AF2BEB7009860FE /* ImagePicker.swift in Sources */,
				77BA7B3E2AF2C070009860FE /* WeatherView.swift in Sources */,
				77BA7B402AF2C1EB009860FE /* UserProfileView.swift in Sources */,
				7731798F2AF1360E0018C386 /* Weather.swift in Sources */,
				77BA7B482AF31F6B009860FE /* Secret.swift in Sources */,
				773179812AF1359A0018C386 /* WeatherTodayApp.swift in Sources */,
			);
			runOnlyForDeploymentPostprocessing = 0;
		};
/* End PBXSourcesBuildPhase section */

/* Begin XCBuildConfiguration section */
		773179892AF1359C0018C386 /* Debug */ = {
			isa = XCBuildConfiguration;
			buildSettings = {
				ALWAYS_SEARCH_USER_PATHS = NO;
				ASSETCATALOG_COMPILER_GENERATE_SWIFT_ASSET_SYMBOL_EXTENSIONS = YES;
				CLANG_ANALYZER_NONNULL = YES;
				CLANG_ANALYZER_NUMBER_OBJECT_CONVERSION = YES_AGGRESSIVE;
				CLANG_CXX_LANGUAGE_STANDARD = "gnu++20";
				CLANG_ENABLE_MODULES = YES;
				CLANG_ENABLE_OBJC_ARC = YES;
				CLANG_ENABLE_OBJC_WEAK = YES;
				CLANG_WARN_BLOCK_CAPTURE_AUTORELEASING = YES;
				CLANG_WARN_BOOL_CONVERSION = YES;
				CLANG_WARN_COMMA = YES;
				CLANG_WARN_CONSTANT_CONVERSION = YES;
				CLANG_WARN_DEPRECATED_OBJC_IMPLEMENTATIONS = YES;
				CLANG_WARN_DIRECT_OBJC_ISA_USAGE = YES_ERROR;
				CLANG_WARN_DOCUMENTATION_COMMENTS = YES;
				CLANG_WARN_EMPTY_BODY = YES;
				CLANG_WARN_ENUM_CONVERSION = YES;
				CLANG_WARN_INFINITE_RECURSION = YES;
				CLANG_WARN_INT_CONVERSION = YES;
				CLANG_WARN_NON_LITERAL_NULL_CONVERSION = YES;
				CLANG_WARN_OBJC_IMPLICIT_RETAIN_SELF = YES;
				CLANG_WARN_OBJC_LITERAL_CONVERSION = YES;
				CLANG_WARN_OBJC_ROOT_CLASS = YES_ERROR;
				CLANG_WARN_QUOTED_INCLUDE_IN_FRAMEWORK_HEADER = YES;
				CLANG_WARN_RANGE_LOOP_ANALYSIS = YES;
				CLANG_WARN_STRICT_PROTOTYPES = YES;
				CLANG_WARN_SUSPICIOUS_MOVE = YES;
				CLANG_WARN_UNGUARDED_AVAILABILITY = YES_AGGRESSIVE;
				CLANG_WARN_UNREACHABLE_CODE = YES;
				CLANG_WARN__DUPLICATE_METHOD_MATCH = YES;
				COPY_PHASE_STRIP = NO;
				DEBUG_INFORMATION_FORMAT = dwarf;
				ENABLE_STRICT_OBJC_MSGSEND = YES;
				ENABLE_TESTABILITY = YES;
				ENABLE_USER_SCRIPT_SANDBOXING = YES;
				GCC_C_LANGUAGE_STANDARD = gnu17;
				GCC_DYNAMIC_NO_PIC = NO;
				GCC_NO_COMMON_BLOCKS = YES;
				GCC_OPTIMIZATION_LEVEL = 0;
				GCC_PREPROCESSOR_DEFINITIONS = (
					"DEBUG=1",
					"$(inherited)",
				);
				GCC_WARN_64_TO_32_BIT_CONVERSION = YES;
				GCC_WARN_ABOUT_RETURN_TYPE = YES_ERROR;
				GCC_WARN_UNDECLARED_SELECTOR = YES;
				GCC_WARN_UNINITIALIZED_AUTOS = YES_AGGRESSIVE;
				GCC_WARN_UNUSED_FUNCTION = YES;
				GCC_WARN_UNUSED_VARIABLE = YES;
				IPHONEOS_DEPLOYMENT_TARGET = 17.0;
				LOCALIZATION_PREFERS_STRING_CATALOGS = YES;
				MTL_ENABLE_DEBUG_INFO = INCLUDE_SOURCE;
				MTL_FAST_MATH = YES;
				ONLY_ACTIVE_ARCH = YES;
				SDKROOT = iphoneos;
				SWIFT_ACTIVE_COMPILATION_CONDITIONS = "DEBUG $(inherited)";
				SWIFT_OPTIMIZATION_LEVEL = "-Onone";
			};
			name = Debug;
		};
		7731798A2AF1359C0018C386 /* Release */ = {
			isa = XCBuildConfiguration;
			buildSettings = {
				ALWAYS_SEARCH_USER_PATHS = NO;
				ASSETCATALOG_COMPILER_GENERATE_SWIFT_ASSET_SYMBOL_EXTENSIONS = YES;
				CLANG_ANALYZER_NONNULL = YES;
				CLANG_ANALYZER_NUMBER_OBJECT_CONVERSION = YES_AGGRESSIVE;
				CLANG_CXX_LANGUAGE_STANDARD = "gnu++20";
				CLANG_ENABLE_MODULES = YES;
				CLANG_ENABLE_OBJC_ARC = YES;
				CLANG_ENABLE_OBJC_WEAK = YES;
				CLANG_WARN_BLOCK_CAPTURE_AUTORELEASING = YES;
				CLANG_WARN_BOOL_CONVERSION = YES;
				CLANG_WARN_COMMA = YES;
				CLANG_WARN_CONSTANT_CONVERSION = YES;
				CLANG_WARN_DEPRECATED_OBJC_IMPLEMENTATIONS = YES;
				CLANG_WARN_DIRECT_OBJC_ISA_USAGE = YES_ERROR;
				CLANG_WARN_DOCUMENTATION_COMMENTS = YES;
				CLANG_WARN_EMPTY_BODY = YES;
				CLANG_WARN_ENUM_CONVERSION = YES;
				CLANG_WARN_INFINITE_RECURSION = YES;
				CLANG_WARN_INT_CONVERSION = YES;
				CLANG_WARN_NON_LITERAL_NULL_CONVERSION = YES;
				CLANG_WARN_OBJC_IMPLICIT_RETAIN_SELF = YES;
				CLANG_WARN_OBJC_LITERAL_CONVERSION = YES;
				CLANG_WARN_OBJC_ROOT_CLASS = YES_ERROR;
				CLANG_WARN_QUOTED_INCLUDE_IN_FRAMEWORK_HEADER = YES;
				CLANG_WARN_RANGE_LOOP_ANALYSIS = YES;
				CLANG_WARN_STRICT_PROTOTYPES = YES;
				CLANG_WARN_SUSPICIOUS_MOVE = YES;
				CLANG_WARN_UNGUARDED_AVAILABILITY = YES_AGGRESSIVE;
				CLANG_WARN_UNREACHABLE_CODE = YES;
				CLANG_WARN__DUPLICATE_METHOD_MATCH = YES;
				COPY_PHASE_STRIP = NO;
				DEBUG_INFORMATION_FORMAT = "dwarf-with-dsym";
				ENABLE_NS_ASSERTIONS = NO;
				ENABLE_STRICT_OBJC_MSGSEND = YES;
				ENABLE_USER_SCRIPT_SANDBOXING = YES;
				GCC_C_LANGUAGE_STANDARD = gnu17;
				GCC_NO_COMMON_BLOCKS = YES;
				GCC_WARN_64_TO_32_BIT_CONVERSION = YES;
				GCC_WARN_ABOUT_RETURN_TYPE = YES_ERROR;
				GCC_WARN_UNDECLARED_SELECTOR = YES;
				GCC_WARN_UNINITIALIZED_AUTOS = YES_AGGRESSIVE;
				GCC_WARN_UNUSED_FUNCTION = YES;
				GCC_WARN_UNUSED_VARIABLE = YES;
				IPHONEOS_DEPLOYMENT_TARGET = 17.0;
				LOCALIZATION_PREFERS_STRING_CATALOGS = YES;
				MTL_ENABLE_DEBUG_INFO = NO;
				MTL_FAST_MATH = YES;
				SDKROOT = iphoneos;
				SWIFT_COMPILATION_MODE = wholemodule;
				VALIDATE_PRODUCT = YES;
			};
			name = Release;
		};
		7731798C2AF1359C0018C386 /* Debug */ = {
			isa = XCBuildConfiguration;
			buildSettings = {
				ASSETCATALOG_COMPILER_APPICON_NAME = AppIcon;
				ASSETCATALOG_COMPILER_GLOBAL_ACCENT_COLOR_NAME = AccentColor;
				CODE_SIGN_STYLE = Automatic;
				CURRENT_PROJECT_VERSION = 1;
				DEVELOPMENT_ASSET_PATHS = "\"WeatherToday/Preview Content\"";
				DEVELOPMENT_TEAM = D9ZLU4924R;
				ENABLE_PREVIEWS = YES;
				GENERATE_INFOPLIST_FILE = YES;
				INFOPLIST_KEY_UIApplicationSceneManifest_Generation = YES;
				INFOPLIST_KEY_UIApplicationSupportsIndirectInputEvents = YES;
				INFOPLIST_KEY_UILaunchScreen_Generation = YES;
				INFOPLIST_KEY_UISupportedInterfaceOrientations_iPad = "UIInterfaceOrientationPortrait UIInterfaceOrientationPortraitUpsideDown UIInterfaceOrientationLandscapeLeft UIInterfaceOrientationLandscapeRight";
				INFOPLIST_KEY_UISupportedInterfaceOrientations_iPhone = "UIInterfaceOrientationPortrait UIInterfaceOrientationLandscapeLeft UIInterfaceOrientationLandscapeRight";
				LD_RUNPATH_SEARCH_PATHS = (
					"$(inherited)",
					"@executable_path/Frameworks",
				);
				MARKETING_VERSION = 1.0;
				PRODUCT_BUNDLE_IDENTIFIER = Origin8.WeatherToday;
				PRODUCT_NAME = "$(TARGET_NAME)";
				SWIFT_EMIT_LOC_STRINGS = YES;
				SWIFT_VERSION = 5.0;
				TARGETED_DEVICE_FAMILY = "1,2";
			};
			name = Debug;
		};
		7731798D2AF1359C0018C386 /* Release */ = {
			isa = XCBuildConfiguration;
			buildSettings = {
				ASSETCATALOG_COMPILER_APPICON_NAME = AppIcon;
				ASSETCATALOG_COMPILER_GLOBAL_ACCENT_COLOR_NAME = AccentColor;
				CODE_SIGN_STYLE = Automatic;
				CURRENT_PROJECT_VERSION = 1;
				DEVELOPMENT_ASSET_PATHS = "\"WeatherToday/Preview Content\"";
				DEVELOPMENT_TEAM = D9ZLU4924R;
				ENABLE_PREVIEWS = YES;
				GENERATE_INFOPLIST_FILE = YES;
				INFOPLIST_KEY_UIApplicationSceneManifest_Generation = YES;
				INFOPLIST_KEY_UIApplicationSupportsIndirectInputEvents = YES;
				INFOPLIST_KEY_UILaunchScreen_Generation = YES;
				INFOPLIST_KEY_UISupportedInterfaceOrientations_iPad = "UIInterfaceOrientationPortrait UIInterfaceOrientationPortraitUpsideDown UIInterfaceOrientationLandscapeLeft UIInterfaceOrientationLandscapeRight";
				INFOPLIST_KEY_UISupportedInterfaceOrientations_iPhone = "UIInterfaceOrientationPortrait UIInterfaceOrientationLandscapeLeft UIInterfaceOrientationLandscapeRight";
				LD_RUNPATH_SEARCH_PATHS = (
					"$(inherited)",
					"@executable_path/Frameworks",
				);
				MARKETING_VERSION = 1.0;
				PRODUCT_BUNDLE_IDENTIFIER = Origin8.WeatherToday;
				PRODUCT_NAME = "$(TARGET_NAME)";
				SWIFT_EMIT_LOC_STRINGS = YES;
				SWIFT_VERSION = 5.0;
				TARGETED_DEVICE_FAMILY = "1,2";
			};
			name = Release;
		};
/* End XCBuildConfiguration section */

/* Begin XCConfigurationList section */
		773179782AF1359A0018C386 /* Build configuration list for PBXProject "WeatherToday" */ = {
			isa = XCConfigurationList;
			buildConfigurations = (
				773179892AF1359C0018C386 /* Debug */,
				7731798A2AF1359C0018C386 /* Release */,
			);
			defaultConfigurationIsVisible = 0;
			defaultConfigurationName = Release;
		};
		7731798B2AF1359C0018C386 /* Build configuration list for PBXNativeTarget "WeatherToday" */ = {
			isa = XCConfigurationList;
			buildConfigurations = (
				7731798C2AF1359C0018C386 /* Debug */,
				7731798D2AF1359C0018C386 /* Release */,
			);
			defaultConfigurationIsVisible = 0;
			defaultConfigurationName = Release;
		};
/* End XCConfigurationList section */
	};
	rootObject = 773179752AF1359A0018C386 /* Project object */;
}
